
Microsoft Visual Studio Solution File, Format Version 12.00
Project("{FAE04EC0-301F-11D3-BF4B-00C04F79EFBC}") = "_5_Smallest", "_5_Smallest.csproj", "{91497FA9-8F40-4B90-8E9B-820BCC55C3EE}"
EndProject
Global
	GlobalSection(SolutionConfigurationPlatforms) = preSolution
		Debug|Any CPU = Debug|Any CPU
		Release|Any CPU = Release|Any CPU
	EndGlobalSection
	GlobalSection(ProjectConfigurationPlatforms) = postSolution
		{91497FA9-8F40-4B90-8E9B-820BCC55C3EE}.Debug|Any CPU.ActiveCfg = Debug|Any CPU
		{91497FA9-8F40-4B90-8E9B-820BCC55C3EE}.Debug|Any CPU.Build.0 = Debug|Any CPU
		{91497FA9-8F40-4B90-8E9B-820BCC55C3EE}.Release|Any CPU.ActiveCfg = Release|Any CPU
		{91497FA9-8F40-4B90-8E9B-820BCC55C3EE}.Release|Any CPU.Build.0 = Release|Any CPU
	EndGlobalSection
EndGlobal
